{
  "version": 4,
  "terraform_version": "0.12.20",
  "serial": 131,
  "lineage": "0595e1f0-03ca-9f38-351c-17797264b121",
  "outputs": {},
  "resources": [
    {
      "mode": "data",
      "type": "aws_ami",
      "name": "base",
      "provider": "provider.aws",
      "instances": [
        {
          "schema_version": 0,
          "attributes": {
            "architecture": "x86_64",
            "block_device_mappings": [
              {
                "device_name": "/dev/sda1",
                "ebs": {
                  "delete_on_termination": "true",
                  "encrypted": "false",
                  "iops": "0",
                  "snapshot_id": "snap-04a7dfec034c1ba38",
                  "volume_size": "8",
                  "volume_type": "gp2"
                },
                "no_device": "",
                "virtual_name": ""
              },
              {
                "device_name": "/dev/sdb",
                "ebs": {},
                "no_device": "",
                "virtual_name": "ephemeral0"
              },
              {
                "device_name": "/dev/sdc",
                "ebs": {},
                "no_device": "",
                "virtual_name": "ephemeral1"
              }
            ],
            "creation_date": "2019-12-03T07:51:40.000Z",
            "description": null,
            "executable_users": null,
            "filter": [
              {
                "name": "name",
                "values": [
                  "*xbow-packer-*"
                ]
              }
            ],
            "hypervisor": "xen",
            "id": "ami-077998c31f13cf01d",
            "image_id": "ami-077998c31f13cf01d",
            "image_location": "737935987320/xbow-packer-1575359089",
            "image_owner_alias": null,
            "image_type": "machine",
            "kernel_id": null,
            "most_recent": true,
            "name": "xbow-packer-1575359089",
            "name_regex": null,
            "owner_id": "737935987320",
            "owners": [
              "737935987320"
            ],
            "platform": null,
            "product_codes": [],
            "public": false,
            "ramdisk_id": null,
            "root_device_name": "/dev/sda1",
            "root_device_type": "ebs",
            "root_snapshot_id": "snap-04a7dfec034c1ba38",
            "sriov_net_support": "simple",
            "state": "available",
            "state_reason": {
              "code": "UNSET",
              "message": "UNSET"
            },
            "tags": {
              "username": "ubuntu"
            },
            "virtualization_type": "hvm"
          }
        }
      ]
    },
    {
      "mode": "data",
      "type": "aws_caller_identity",
      "name": "current",
      "provider": "provider.aws",
      "instances": [
        {
          "schema_version": 0,
          "attributes": {
            "account_id": "737935987320",
            "arn": "arn:aws:iam::737935987320:user/charlie",
            "id": "2020-01-24 18:21:17.099749162 +0000 UTC",
            "user_id": "AIDAJ3P356YNN333UZY6W"
          }
        }
      ]
    },
    {
      "mode": "managed",
      "type": "aws_key_pair",
      "name": "terraform_ec2_key",
      "provider": "provider.aws",
      "instances": [
        {
          "schema_version": 1,
          "attributes": {
            "fingerprint": "eb:59:08:75:98:2b:ab:c3:b9:09:c4:68:ec:a7:98:54",
            "id": "terraform_ec2_key",
            "key_name": "terraform_ec2_key",
            "key_name_prefix": null,
            "public_key": "ssh-rsa AAAAB3NzaC1yc2EAAAADAQABAAABAQDiuoCx6GQY3US1Sd6my7oN8rMUsMRDiPh2y6U3jI3jEQzEOoU9Yj289ec4vNJOF8nRiRK35HCmnZ5OzVCkwVRe9HV75j1YjCOwMlmW66/14OP2iyymmacFLiQWuqX4XxifU4qRT/Ag3B0kKRfdnTsI1x1sNtUx5+xTQ7yScyr3WWDGF6mr/OUrpbmV72YUNZ1jME2UoDw5C3n+5qety2NPRGRl+HFs+/C0GK2sOuTsTLNXkExDNpVAIxCSiH6gLd5hlQ/07p2kKBd40YEUZdmcw4e7P9hcNYJV6vxACmNHSBwkWU90zwC1efFNh+7ykoRav6fd72kt/ctSiqjEUOiF pazcal@Charless-MacBook-Pro.local"
          },
          "private": "eyJzY2hlbWFfdmVyc2lvbiI6IjEifQ=="
        }
      ]
    },
    {
      "mode": "managed",
      "type": "aws_s3_bucket",
      "name": "xbow_bucket",
      "provider": "provider.aws",
      "instances": [
        {
          "schema_version": 0,
          "attributes": {
            "acceleration_status": "",
            "acl": "private",
            "arn": "arn:aws:s3:::laughtongroup.charlie.xbow",
            "bucket": "laughtongroup.charlie.xbow",
            "bucket_domain_name": "laughtongroup.charlie.xbow.s3.amazonaws.com",
            "bucket_prefix": null,
            "bucket_regional_domain_name": "laughtongroup.charlie.xbow.s3.eu-west-1.amazonaws.com",
            "cors_rule": [],
            "force_destroy": false,
            "hosted_zone_id": "Z1BKCTXD74EZPE",
            "id": "laughtongroup.charlie.xbow",
            "lifecycle_rule": [],
            "logging": [],
            "object_lock_configuration": [],
            "policy": null,
            "region": "eu-west-1",
            "replication_configuration": [],
            "request_payer": "BucketOwner",
            "server_side_encryption_configuration": [],
            "tags": {},
            "versioning": [
              {
                "enabled": false,
                "mfa_delete": false
              }
            ],
            "website": [],
            "website_domain": null,
            "website_endpoint": null
          },
          "private": "bnVsbA=="
        }
      ]
    },
    {
      "mode": "managed",
      "type": "aws_security_group",
      "name": "allow_ssh",
      "provider": "provider.aws",
      "instances": [
        {
          "schema_version": 1,
          "attributes": {
            "arn": "arn:aws:ec2:eu-west-1:737935987320:security-group/sg-05f8570ab32efae91",
            "description": "Allow ssh access from anywhere",
            "egress": [
              {
                "cidr_blocks": [
                  "0.0.0.0/0"
                ],
                "description": "",
                "from_port": 0,
                "ipv6_cidr_blocks": [],
                "prefix_list_ids": [],
                "protocol": "-1",
                "security_groups": [],
                "self": false,
                "to_port": 0
              }
            ],
            "id": "sg-05f8570ab32efae91",
            "ingress": [
              {
                "cidr_blocks": [
                  "0.0.0.0/0"
                ],
                "description": "",
                "from_port": 22,
                "ipv6_cidr_blocks": [],
                "prefix_list_ids": [],
                "protocol": "tcp",
                "security_groups": [],
                "self": false,
                "to_port": 22
              }
            ],
            "name": "allow_ssh",
            "name_prefix": null,
            "owner_id": "737935987320",
            "revoke_rules_on_delete": false,
            "tags": {},
            "timeouts": null,
            "vpc_id": "vpc-7b7ea61e"
          },
          "private": "eyJlMmJmYjczMC1lY2FhLTExZTYtOGY4OC0zNDM2M2JjN2M0YzAiOnsiY3JlYXRlIjo2MDAwMDAwMDAwMDAsImRlbGV0ZSI6NjAwMDAwMDAwMDAwfSwic2NoZW1hX3ZlcnNpb24iOiIxIn0="
        }
      ]
    }
  ]
}
